// !$*UTF8*$!
{
	archiveVersion = 1;
	classes = {
	};
	objectVersion = 50;
	objects = {

/* Begin PBXBuildFile section */
		284C061C21FFFCF7003E7D82 /* AppDelegate.swift in Sources */ = {isa = PBXBuildFile; fileRef = 284C061B21FFFCF7003E7D82 /* AppDelegate.swift */; };
		284C061E21FFFCF7003E7D82 /* ViewController.swift in Sources */ = {isa = PBXBuildFile; fileRef = 284C061D21FFFCF7003E7D82 /* ViewController.swift */; };
		284C062121FFFCF7003E7D82 /* Main.storyboard in Resources */ = {isa = PBXBuildFile; fileRef = 284C061F21FFFCF7003E7D82 /* Main.storyboard */; };
		284C062321FFFCF8003E7D82 /* Assets.xcassets in Resources */ = {isa = PBXBuildFile; fileRef = 284C062221FFFCF8003E7D82 /* Assets.xcassets */; };
		284C062621FFFCF8003E7D82 /* LaunchScreen.storyboard in Resources */ = {isa = PBXBuildFile; fileRef = 284C062421FFFCF8003E7D82 /* LaunchScreen.storyboard */; };
		28C2A704226584160087A982 /* Animation.swift in Sources */ = {isa = PBXBuildFile; fileRef = 28C2A6FF226584160087A982 /* Animation.swift */; };
		28C2A705226584160087A982 /* Config.swift in Sources */ = {isa = PBXBuildFile; fileRef = 28C2A700226584160087A982 /* Config.swift */; };
		28C2A706226584160087A982 /* UIView+Animation.swift in Sources */ = {isa = PBXBuildFile; fileRef = 28C2A701226584160087A982 /* UIView+Animation.swift */; };
		28C2A707226584160087A982 /* Wrapper.swift in Sources */ = {isa = PBXBuildFile; fileRef = 28C2A702226584160087A982 /* Wrapper.swift */; };
		28C2A708226584160087A982 /* Solver.swift in Sources */ = {isa = PBXBuildFile; fileRef = 28C2A703226584160087A982 /* Solver.swift */; };
/* End PBXBuildFile section */

/* Begin PBXFileReference section */
		284C061821FFFCF7003E7D82 /* SimpleSpring.app */ = {isa = PBXFileReference; explicitFileType = wrapper.application; includeInIndex = 0; path = SimpleSpring.app; sourceTree = BUILT_PRODUCTS_DIR; };
		284C061B21FFFCF7003E7D82 /* AppDelegate.swift */ = {isa = PBXFileReference; lastKnownFileType = sourcecode.swift; path = AppDelegate.swift; sourceTree = "<group>"; };
		284C061D21FFFCF7003E7D82 /* ViewController.swift */ = {isa = PBXFileReference; lastKnownFileType = sourcecode.swift; path = ViewController.swift; sourceTree = "<group>"; };
		284C062021FFFCF7003E7D82 /* Base */ = {isa = PBXFileReference; lastKnownFileType = file.storyboard; name = Base; path = Base.lproj/Main.storyboard; sourceTree = "<group>"; };
		284C062221FFFCF8003E7D82 /* Assets.xcassets */ = {isa = PBXFileReference; lastKnownFileType = folder.assetcatalog; path = Assets.xcassets; sourceTree = "<group>"; };
		284C062521FFFCF8003E7D82 /* Base */ = {isa = PBXFileReference; lastKnownFileType = file.storyboard; name = Base; path = Base.lproj/LaunchScreen.storyboard; sourceTree = "<group>"; };
		284C062721FFFCF8003E7D82 /* Info.plist */ = {isa = PBXFileReference; lastKnownFileType = text.plist.xml; path = Info.plist; sourceTree = "<group>"; };
		28C2A6FF226584160087A982 /* Animation.swift */ = {isa = PBXFileReference; fileEncoding = 4; lastKnownFileType = sourcecode.swift; path = Animation.swift; sourceTree = "<group>"; };
		28C2A700226584160087A982 /* Config.swift */ = {isa = PBXFileReference; fileEncoding = 4; lastKnownFileType = sourcecode.swift; path = Config.swift; sourceTree = "<group>"; };
		28C2A701226584160087A982 /* UIView+Animation.swift */ = {isa = PBXFileReference; fileEncoding = 4; lastKnownFileType = sourcecode.swift; path = "UIView+Animation.swift"; sourceTree = "<group>"; };
		28C2A702226584160087A982 /* Wrapper.swift */ = {isa = PBXFileReference; fileEncoding = 4; lastKnownFileType = sourcecode.swift; path = Wrapper.swift; sourceTree = "<group>"; };
		28C2A703226584160087A982 /* Solver.swift */ = {isa = PBXFileReference; fileEncoding = 4; lastKnownFileType = sourcecode.swift; path = Solver.swift; sourceTree = "<group>"; };
/* End PBXFileReference section */

/* Begin PBXFrameworksBuildPhase section */
		284C061521FFFCF7003E7D82 /* Frameworks */ = {
			isa = PBXFrameworksBuildPhase;
			buildActionMask = 2147483647;
			files = (
			);
			runOnlyForDeploymentPostprocessing = 0;
		};
/* End PBXFrameworksBuildPhase section */

/* Begin PBXGroup section */
		284C060F21FFFCF7003E7D82 = {
			isa = PBXGroup;
			children = (
				284C061A21FFFCF7003E7D82 /* SimpleSpring */,
				284C061921FFFCF7003E7D82 /* Products */,
			);
			sourceTree = "<group>";
		};
		284C061921FFFCF7003E7D82 /* Products */ = {
			isa = PBXGroup;
			children = (
				284C061821FFFCF7003E7D82 /* SimpleSpring.app */,
			);
			name = Products;
			sourceTree = "<group>";
		};
		284C061A21FFFCF7003E7D82 /* SimpleSpring */ = {
			isa = PBXGroup;
			children = (
				284C062D21FFFD16003E7D82 /* Source */,
				284C061B21FFFCF7003E7D82 /* AppDelegate.swift */,
				284C061D21FFFCF7003E7D82 /* ViewController.swift */,
				284C061F21FFFCF7003E7D82 /* Main.storyboard */,
				284C062221FFFCF8003E7D82 /* Assets.xcassets */,
				284C062421FFFCF8003E7D82 /* LaunchScreen.storyboard */,
				284C062721FFFCF8003E7D82 /* Info.plist */,
			);
			path = SimpleSpring;
			sourceTree = "<group>";
		};
		284C062D21FFFD16003E7D82 /* Source */ = {
			isa = PBXGroup;
			children = (
				28C2A6FF226584160087A982 /* Animation.swift */,
				28C2A700226584160087A982 /* Config.swift */,
				28C2A703226584160087A982 /* Solver.swift */,
				28C2A701226584160087A982 /* UIView+Animation.swift */,
				28C2A702226584160087A982 /* Wrapper.swift */,
			);
			path = Source;
			sourceTree = "<group>";
		};
/* End PBXGroup section */

/* Begin PBXNativeTarget section */
		284C061721FFFCF7003E7D82 /* SimpleSpring */ = {
			isa = PBXNativeTarget;
			buildConfigurationList = 284C062A21FFFCF8003E7D82 /* Build configuration list for PBXNativeTarget "SimpleSpring" */;
			buildPhases = (
				284C061421FFFCF7003E7D82 /* Sources */,
				284C061521FFFCF7003E7D82 /* Frameworks */,
				284C061621FFFCF7003E7D82 /* Resources */,
			);
			buildRules = (
			);
			dependencies = (
			);
			name = SimpleSpring;
			productName = SimpleSpring;
			productReference = 284C061821FFFCF7003E7D82 /* SimpleSpring.app */;
			productType = "com.apple.product-type.application";
		};
/* End PBXNativeTarget section */

/* Begin PBXProject section */
		284C061021FFFCF7003E7D82 /* Project object */ = {
			isa = PBXProject;
			attributes = {
				LastSwiftUpdateCheck = 1010;
				LastUpgradeCheck = 1010;
				ORGANIZATIONNAME = calm;
				TargetAttributes = {
					284C061721FFFCF7003E7D82 = {
						CreatedOnToolsVersion = 10.1;
					};
				};
			};
			buildConfigurationList = 284C061321FFFCF7003E7D82 /* Build configuration list for PBXProject "SimpleSpring" */;
			compatibilityVersion = "Xcode 9.3";
			developmentRegion = en;
			hasScannedForEncodings = 0;
			knownRegions = (
				en,
				Base,
			);
			mainGroup = 284C060F21FFFCF7003E7D82;
			productRefGroup = 284C061921FFFCF7003E7D82 /* Products */;
			projectDirPath = "";
			projectRoot = "";
			targets = (
				284C061721FFFCF7003E7D82 /* SimpleSpring */,
			);
		};
/* End PBXProject section */

/* Begin PBXResourcesBuildPhase section */
		284C061621FFFCF7003E7D82 /* Resources */ = {
			isa = PBXResourcesBuildPhase;
			buildActionMask = 2147483647;
			files = (
				284C062621FFFCF8003E7D82 /* LaunchScreen.storyboard in Resources */,
				284C062321FFFCF8003E7D82 /* Assets.xcassets in Resources */,
				284C062121FFFCF7003E7D82 /* Main.storyboard in Resources */,
			);
			runOnlyForDeploymentPostprocessing = 0;
		};
/* End PBXResourcesBuildPhase section */

/* Begin PBXSourcesBuildPhase section */
		284C061421FFFCF7003E7D82 /* Sources */ = {
			isa = PBXSourcesBuildPhase;
			buildActionMask = 2147483647;
			files = (
				284C061E21FFFCF7003E7D82 /* ViewController.swift in Sources */,
				28C2A705226584160087A982 /* Config.swift in Sources */,
				28C2A706226584160087A982 /* UIView+Animation.swift in Sources */,
				28C2A704226584160087A982 /* Animation.swift in Sources */,
				284C061C21FFFCF7003E7D82 /* AppDelegate.swift in Sources */,
				28C2A708226584160087A982 /* Solver.swift in Sources */,
				28C2A707226584160087A982 /* Wrapper.swift in Sources */,
			);
			runOnlyForDeploymentPostprocessing = 0;
		};
/* End PBXSourcesBuildPhase section */

/* Begin PBXVariantGroup section */
		284C061F21FFFCF7003E7D82 /* Main.storyboard */ = {
			isa = PBXVariantGroup;
			children = (
				284C062021FFFCF7003E7D82 /* Base */,
			);
			name = Main.storyboard;
			sourceTree = "<group>";
		};
		284C062421FFFCF8003E7D82 /* LaunchScreen.storyboard */ = {
			isa = PBXVariantGroup;
			children = (
				284C062521FFFCF8003E7D82 /* Base */,
			);
			name = LaunchScreen.storyboard;
			sourceTree = "<group>";
		};
/* End PBXVariantGroup section */

/* Begin XCBuildConfiguration section */
		284C062821FFFCF8003E7D82 /* Debug */ = {
			isa = XCBuildConfiguration;
			buildSettings = {
				ALWAYS_SEARCH_USER_PATHS = NO;
				CLANG_ANALYZER_NONNULL = YES;
				CLANG_ANALYZER_NUMBER_OBJECT_CONVERSION = YES_AGGRESSIVE;
				CLANG_CXX_LANGUAGE_STANDARD = "gnu++14";
				CLANG_CXX_LIBRARY = "libc++";
				CLANG_ENABLE_MODULES = YES;
				CLANG_ENABLE_OBJC_ARC = YES;
				CLANG_ENABLE_OBJC_WEAK = YES;
				CLANG_WARN_BLOCK_CAPTURE_AUTORELEASING = YES;
				CLANG_WARN_BOOL_CONVERSION = YES;
				CLANG_WARN_COMMA = YES;
				CLANG_WARN_CONSTANT_CONVERSION = YES;
				CLANG_WARN_DEPRECATED_OBJC_IMPLEMENTATIONS = YES;
				CLANG_WARN_DIRECT_OBJC_ISA_USAGE = YES_ERROR;
				CLANG_WARN_DOCUMENTATION_COMMENTS = YES;
				CLANG_WARN_EMPTY_BODY = YES;
				CLANG_WARN_ENUM_CONVERSION = YES;
				CLANG_WARN_INFINITE_RECURSION = YES;
				CLANG_WARN_INT_CONVERSION = YES;
				CLANG_WARN_NON_LITERAL_NULL_CONVERSION = YES;
				CLANG_WARN_OBJC_IMPLICIT_RETAIN_SELF = YES;
				CLANG_WARN_OBJC_LITERAL_CONVERSION = YES;
				CLANG_WARN_OBJC_ROOT_CLASS = YES_ERROR;
				CLANG_WARN_RANGE_LOOP_ANALYSIS = YES;
				CLANG_WARN_STRICT_PROTOTYPES = YES;
				CLANG_WARN_SUSPICIOUS_MOVE = YES;
				CLANG_WARN_UNGUARDED_AVAILABILITY = YES_AGGRESSIVE;
				CLANG_WARN_UNREACHABLE_CODE = YES;
				CLANG_WARN__DUPLICATE_METHOD_MATCH = YES;
				CODE_SIGN_IDENTITY = "iPhone Developer";
				COPY_PHASE_STRIP = NO;
				DEBUG_INFORMATION_FORMAT = dwarf;
				ENABLE_STRICT_OBJC_MSGSEND = YES;
				ENABLE_TESTABILITY = YES;
				GCC_C_LANGUAGE_STANDARD = gnu11;
				GCC_DYNAMIC_NO_PIC = NO;
				GCC_NO_COMMON_BLOCKS = YES;
				GCC_OPTIMIZATION_LEVEL = 0;
				GCC_PREPROCESSOR_DEFINITIONS = (
					"DEBUG=1",
					"$(inherited)",
				);
				GCC_WARN_64_TO_32_BIT_CONVERSION = YES;
				GCC_WARN_ABOUT_RETURN_TYPE = YES_ERROR;
				GCC_WARN_UNDECLARED_SELECTOR = YES;
				GCC_WARN_UNINITIALIZED_AUTOS = YES_AGGRESSIVE;
				GCC_WARN_UNUSED_FUNCTION = YES;
				GCC_WARN_UNUSED_VARIABLE = YES;
				IPHONEOS_DEPLOYMENT_TARGET = 12.1;
				MTL_ENABLE_DEBUG_INFO = INCLUDE_SOURCE;
				MTL_FAST_MATH = YES;
				ONLY_ACTIVE_ARCH = YES;
				SDKROOT = iphoneos;
				SWIFT_ACTIVE_COMPILATION_CONDITIONS = DEBUG;
				SWIFT_OPTIMIZATION_LEVEL = "-Onone";
			};
			name = Debug;
		};
		284C062921FFFCF8003E7D82 /* Release */ = {
			isa = XCBuildConfiguration;
			buildSettings = {
				ALWAYS_SEARCH_USER_PATHS = NO;
				CLANG_ANALYZER_NONNULL = YES;
				CLANG_ANALYZER_NUMBER_OBJECT_CONVERSION = YES_AGGRESSIVE;
				CLANG_CXX_LANGUAGE_STANDARD = "gnu++14";
				CLANG_CXX_LIBRARY = "libc++";
				CLANG_ENABLE_MODULES = YES;
				CLANG_ENABLE_OBJC_ARC = YES;
				CLANG_ENABLE_OBJC_WEAK = YES;
				CLANG_WARN_BLOCK_CAPTURE_AUTORELEASING = YES;
				CLANG_WARN_BOOL_CONVERSION = YES;
				CLANG_WARN_COMMA = YES;
				CLANG_WARN_CONSTANT_CONVERSION = YES;
				CLANG_WARN_DEPRECATED_OBJC_IMPLEMENTATIONS = YES;
				CLANG_WARN_DIRECT_OBJC_ISA_USAGE = YES_ERROR;
				CLANG_WARN_DOCUMENTATION_COMMENTS = YES;
				CLANG_WARN_EMPTY_BODY = YES;
				CLANG_WARN_ENUM_CONVERSION = YES;
				CLANG_WARN_INFINITE_RECURSION = YES;
				CLANG_WARN_INT_CONVERSION = YES;
				CLANG_WARN_NON_LITERAL_NULL_CONVERSION = YES;
				CLANG_WARN_OBJC_IMPLICIT_RETAIN_SELF = YES;
				CLANG_WARN_OBJC_LITERAL_CONVERSION = YES;
				CLANG_WARN_OBJC_ROOT_CLASS = YES_ERROR;
				CLANG_WARN_RANGE_LOOP_ANALYSIS = YES;
				CLANG_WARN_STRICT_PROTOTYPES = YES;
				CLANG_WARN_SUSPICIOUS_MOVE = YES;
				CLANG_WARN_UNGUARDED_AVAILABILITY = YES_AGGRESSIVE;
				CLANG_WARN_UNREACHABLE_CODE = YES;
				CLANG_WARN__DUPLICATE_METHOD_MATCH = YES;
				CODE_SIGN_IDENTITY = "iPhone Developer";
				COPY_PHASE_STRIP = NO;
				DEBUG_INFORMATION_FORMAT = "dwarf-with-dsym";
				ENABLE_NS_ASSERTIONS = NO;
				ENABLE_STRICT_OBJC_MSGSEND = YES;
				GCC_C_LANGUAGE_STANDARD = gnu11;
				GCC_NO_COMMON_BLOCKS = YES;
				GCC_WARN_64_TO_32_BIT_CONVERSION = YES;
				GCC_WARN_ABOUT_RETURN_TYPE = YES_ERROR;
				GCC_WARN_UNDECLARED_SELECTOR = YES;
				GCC_WARN_UNINITIALIZED_AUTOS = YES_AGGRESSIVE;
				GCC_WARN_UNUSED_FUNCTION = YES;
				GCC_WARN_UNUSED_VARIABLE = YES;
				IPHONEOS_DEPLOYMENT_TARGET = 12.1;
				MTL_ENABLE_DEBUG_INFO = NO;
				MTL_FAST_MATH = YES;
				SDKROOT = iphoneos;
				SWIFT_COMPILATION_MODE = wholemodule;
				SWIFT_OPTIMIZATION_LEVEL = "-O";
				VALIDATE_PRODUCT = YES;
			};
			name = Release;
		};
		284C062B21FFFCF8003E7D82 /* Debug */ = {
			isa = XCBuildConfiguration;
			buildSettings = {
				ASSETCATALOG_COMPILER_APPICON_NAME = AppIcon;
				CODE_SIGN_STYLE = Automatic;
				DEVELOPMENT_TEAM = 683UGRW72Z;
				INFOPLIST_FILE = SimpleSpring/Info.plist;
				LD_RUNPATH_SEARCH_PATHS = (
					"$(inherited)",
					"@executable_path/Frameworks",
				);
				PRODUCT_BUNDLE_IDENTIFIER = Test.SimpleSpring;
				PRODUCT_NAME = "$(TARGET_NAME)";
				SWIFT_VERSION = 4.2;
				TARGETED_DEVICE_FAMILY = "1,2";
			};
			name = Debug;
		};
		284C062C21FFFCF8003E7D82 /* Release */ = {
			isa = XCBuildConfiguration;
			buildSettings = {
				ASSETCATALOG_COMPILER_APPICON_NAME = AppIcon;
				CODE_SIGN_STYLE = Automatic;
				DEVELOPMENT_TEAM = 683UGRW72Z;
				INFOPLIST_FILE = SimpleSpring/Info.plist;
				LD_RUNPATH_SEARCH_PATHS = (
					"$(inherited)",
					"@executable_path/Frameworks",
				);
				PRODUCT_BUNDLE_IDENTIFIER = Test.SimpleSpring;
				PRODUCT_NAME = "$(TARGET_NAME)";
				SWIFT_VERSION = 4.2;
				TARGETED_DEVICE_FAMILY = "1,2";
			};
			name = Release;
		};
/* End XCBuildConfiguration section */

/* Begin XCConfigurationList section */
		284C061321FFFCF7003E7D82 /* Build configuration list for PBXProject "SimpleSpring" */ = {
			isa = XCConfigurationList;
			buildConfigurations = (
				284C062821FFFCF8003E7D82 /* Debug */,
				284C062921FFFCF8003E7D82 /* Release */,
			);
			defaultConfigurationIsVisible = 0;
			defaultConfigurationName = Release;
		};
		284C062A21FFFCF8003E7D82 /* Build configuration list for PBXNativeTarget "SimpleSpring" */ = {
			isa = XCConfigurationList;
			buildConfigurations = (
				284C062B21FFFCF8003E7D82 /* Debug */,
				284C062C21FFFCF8003E7D82 /* Release */,
			);
			defaultConfigurationIsVisible = 0;
			defaultConfigurationName = Release;
		};
/* End XCConfigurationList section */
	};
	rootObject = 284C061021FFFCF7003E7D82 /* Project object */;
}
